# This file is autogenerated, do not edit; changes may be undone by the next 'dep ensure'.


[[projects]]
  branch = "master"
  digest = "1:62c57507df491b657e9ae2645f30958d9964c8eeb380600469eedc951ebb3a0e"
  name = "github.com/golang/freetype"
  packages = [
    "raster",
    "truetype",
  ]
  pruneopts = "UT"
  revision = "e2365dfdc4a05e4b8299a783240d4a7d5a65d4e4"

[[projects]]
  digest = "1:472d8e23e172bbd04985f64afad9e0cab315386d490a63501f9f37152434ebd8"
  name = "github.com/montanaflynn/stats"
  packages = ["."]
  pruneopts = "UT"
  revision = "7716e4c14e5729d92dff8c89600a0345d61ef698"
  version = "v0.6.3"

[[projects]]
  digest = "1:f0a88dcd95c38bb2a910836568ef33430770373262c26b25ebb7555fcf62406c"
  name = "github.com/muesli/kmeans"
  packages = ["."]
  pruneopts = "UT"
  revision = "0ad7a62e65e1f6759f2e79c3fee6da7d3d51976c"
  version = "v0.1"

[[projects]]
  digest = "1:cf762a0ce01d48d8ac03f717aa41f66b655abea67c616d89994ce091a2cc6831"
  name = "github.com/wcharczuk/go-chart"
  packages = [
    ".",
    "drawing",
    "matrix",
    "roboto",
    "seq",
    "util",
  ]
  pruneopts = "UT"
  revision = "7c3982fe3d8ab0c9eea9ab5d2aced51e45d447bc"
  version = "v2.0.1"

[[projects]]
  branch = "master"
  digest = "1:8aa52c7f7476f9ce660f5db479eb0e19681b58783442f33459954757fc6732fe"
  name = "golang.org/x/image"
  packages = [
    "draw",
    "font",
    "math/f64",
    "math/fixed",
  ]
  pruneopts = "UT"
  revision = "58c23975cae11f062d4b3b0c143fe248faac195d"

[solve-meta]
  analyzer-name = "dep"
  analyzer-version = 1
  input-imports = [
    "github.com/montanaflynn/stats",
    "github.com/muesli/kmeans",
  ]
  solver-name = "gps-cdcl"
  solver-version = 1
